github.com/Velocidex/ordereddict v0.0.0-20191103004036-8f8de2613e3e h1:TnDgwpm4YKSK3wEA3IFHVLJhgDsUqjhIho74Qy/DfFw=
github.com/Velocidex/ordereddict v0.0.0-20191103004036-8f8de2613e3e/go.mod h1:pxJpvN5ISMtDwrdIdqnJ3ZrjIngCw+WT6gfNil6Zjvo=
github.com/Velocidex/ordereddict v0.0.0-20191103004826-c16e1910ce18 h1:rDmEjo1nayHtUprIhxYuQjlZ3jJZa4sag2xjff+QrqY=
github.com/Velocidex/ordereddict v0.0.0-20191103004826-c16e1910ce18/go.mod h1:pxJpvN5ISMtDwrdIdqnJ3ZrjIngCw+WT6gfNil6Zjvo=
github.com/Velocidex/ordereddict v0.0.0-20191103011020-3b5a5f6957d4 h1:0sJvmFhuTT8W/qOlka2y3L1FrbRcP9ZxXMKejTGMCno=
github.com/Velocidex/ordereddict v0.0.0-20191103011020-3b5a5f6957d4/go.mod h1:pxJpvN5ISMtDwrdIdqnJ3ZrjIngCw+WT6gfNil6Zjvo=
github.com/alecthomas/participle v0.2.0 h1:MBYD61je/vgb5ktXrXth/OdH23fn1lNnT5cZLw3fkh8=
github.com/alecthomas/participle v0.2.0/go.mod h1:SW6HZGeZgSIpcUWX3fXpfZhuaWHnmoD5KCVaqSaNTkk=
github.com/alecthomas/repr v0.0.0-20181024024818-d37bc2a10ba1 h1:GDQdwm/gAcJcLAKQQZGOJ4knlw+7rfEQQcmwTbt4p5E=
github.com/alecthomas/repr v0.0.0-20181024024818-d37bc2a10ba1/go.mod h1:xTS7Pm1pD1mvyM075QCDSRqH6qRLXylzS24ZTpRiSzQ=
github.com/alecthomas/template v0.0.0-20160405071501-a0175ee3bccc/go.mod h1:LOuyumcjzFXgccqObfd/Ljyb9UuFJ6TxHnclSeseNhc=
github.com/alecthomas/units v0.0.0-20151022065526-2efee857e7cf/go.mod h1:ybxpYRFXyAe+OPACYpWeL0wqObRcbAqCMya13uyzqw0=
github.com/cevaris/ordered_map v0.0.0-20180310183325-0efaee1733e3 h1:z8dxVlK3evexcUcIgacZgqQgiAy6IqVLg0E4dDnGC6Q=
github.com/cevaris/ordered_map v0.0.0-20180310183325-0efaee1733e3/go.mod h1:507vXsotcZop7NZfBWdhPmVeOse4ko2R7AagJYrpoEg=
github.com/davecgh/go-spew v1.1.0/go.mod h1:J7Y8YcW2NihsgmVo/mv3lAwl/skON4iLHjSsI+c5H38=
github.com/davecgh/go-spew v1.1.1 h1:vj9j/u1bqnvCEfJOwUhtlOARqs3+rkHYY13jYWTU97c=
github.com/davecgh/go-spew v1.1.1/go.mod h1:J7Y8YcW2NihsgmVo/mv3lAwl/skON4iLHjSsI+c5H38=
github.com/go-test/deep v1.0.5 h1:AKODKU3pDH1RzZzm6YZu77YWtEAq6uh1rLIAQlay2qc=
github.com/go-test/deep v1.0.5/go.mod h1:QV8Hv/iy04NyLBxAdO9njL0iVPN1S4d/A3NVv1V36o8=
github.com/pkg/errors v0.8.0 h1:WdK/asTD0HN+q6hsWO3/vpuAkAr+tw6aNJNDFFf0+qw=
github.com/pkg/errors v0.8.0/go.mod h1:bwawxfHBFNV+L2hUp1rHADufV3IMtnDRdf1r5NINEl0=
github.com/pmezard/go-difflib v1.0.0 h1:4DBwDE0NGyQoBHbLQYPwSUPoCMWR5BEzIk/f1lZbAQM=
github.com/pmezard/go-difflib v1.0.0/go.mod h1:iKH77koFhYxTK1pcRnkKkqfTogsbg7gZNVY4sRDYZ/4=
github.com/sebdah/goldie v0.0.0-20180424091453-8784dd1ab561 h1:IY+sDBJR/wRtsxq+626xJnt4Tw7/ROA9cDIR8MMhWyg=
github.com/sebdah/goldie v0.0.0-20180424091453-8784dd1ab561/go.mod h1:lvjGftC8oe7XPtyrOidaMi0rp5B9+XY/ZRUynGnuaxQ=
github.com/stretchr/objx v0.1.0/go.mod h1:HFkY916IF+rwdDfMAkV7OtwuqBVzrE8GR6GFx+wExME=
github.com/stretchr/testify v1.2.2/go.mod h1:a8OnRcib4nhh0OaRAV+Yts87kKdq0PP7pXfy6kDkUVs=
github.com/stretchr/testify v1.3.0 h1:TivCn/peBQ7UY8ooIcPgZFpTNSz0Q2U6UrFlUfqbe0Q=
github.com/stretchr/testify v1.3.0/go.mod h1:M5WIy9Dh21IEIfnGCwXGc5bZfKNJtfHm1UVUgZn+9EI=
github.com/stretchr/testify v1.4.0 h1:2E4SXV/wtOkTonXsotYi4li6zVWxYlZuYNCXe9XRJyk=
github.com/stretchr/testify v1.4.0/go.mod h1:j7eGeouHqKxXV5pUuKE4zz7dFj8WfuZ+81PSLYec5m4=
golang.org/x/text v0.3.0 h1:g61tztE5qeGQ89tm6NTjjM9VPIm088od1l6aSorWRWg=
golang.org/x/text v0.3.0/go.mod h1:NqM8EUOU14njkJ3fqMW+pc6Ldnwhi/IjpwHt7yyuwOQ=
gopkg.in/alecthomas/kingpin.v2 v2.2.6/go.mod h1:FMv+mEhP44yOT+4EoQTLFTRgOQ1FBLkstjWtayDeSgw=
gopkg.in/check.v1 v0.0.0-20161208181325-20d25e280405/go.mod h1:Co6ibVJAznAaIkqp8huTwlJQCZ016jof/cbN4VW5Yz0=
gopkg.in/yaml.v2 v2.2.2 h1:ZCJp+EgiOT7lHqUV2J862kp8Qj64Jo6az82+3Td9dZw=
gopkg.in/yaml.v2 v2.2.2/go.mod h1:hI93XBmqTisBFMUTm0b8Fm+jr3Dg1NNxqwp+5A1VGuI=
