# This file is autogenerated, do not edit; changes may be undone by the next 'dep ensure'.


[[projects]]
  branch = "master"
  name = "github.com/alecthomas/participle"
  packages = [
    ".",
    "lexer"
  ]
  revision = "7196f7e2c3f3ac23cb7004a051d25a6d14c9d333"

[[projects]]
  branch = "master"
  name = "github.com/alecthomas/repr"
  packages = ["."]
  revision = "37578405c47fe4f23cb672045b825fa4145a0816"

[[projects]]
  branch = "master"
  name = "golang.org/x/exp"
  packages = ["ebnf"]
  revision = "83bc9a11ae1a00a79c4e59fc5d965d21fe14e6bb"

[solve-meta]
  analyzer-name = "dep"
  analyzer-version = 1
  inputs-digest = "613d01671384321a2446df225f5914737133bc9baceed26225e87608308f5c47"
  solver-name = "gps-cdcl"
  solver-version = 1
